
Microsoft Visual Studio Solution File, Format Version 12.00
# Visual Studio Version 17
VisualStudioVersion = 17.5.002.0
MinimumVisualStudioVersion = 10.0.40219.1
Project("{2150E333-8FDC-42A3-9474-1A3956D46DE8}") = "csharp-prep", "csharp-prep", "{F408A3B5-EA7A-4969-B6ED-6A509A3350E3}"
EndProject
Project("{9A19103F-16F7-4668-BE54-9A1E7A4F7556}") = "Prep1", "csharp-prep\Prep1\Prep1.csproj", "{6C72C268-FD41-48C2-B782-AE0B97F60940}"
EndProject
Project("{9A19103F-16F7-4668-BE54-9A1E7A4F7556}") = "Prep2", "csharp-prep\Prep2\Prep2.csproj", "{B24AC410-6D2E-485F-806B-49803A060142}"
EndProject
Project("{9A19103F-16F7-4668-BE54-9A1E7A4F7556}") = "Prep3", "csharp-prep\Prep3\Prep3.csproj", "{267BD5D5-D746-4081-A6C9-C4F4FA232F94}"
EndProject
Project("{9A19103F-16F7-4668-BE54-9A1E7A4F7556}") = "Prep4", "csharp-prep\Prep4\Prep4.csproj", "{BE774AD9-7DEC-448C-9B4D-B3490D5691DD}"
EndProject
Project("{9A19103F-16F7-4668-BE54-9A1E7A4F7556}") = "Prep5", "csharp-prep\Prep5\Prep5.csproj", "{2A4E02B2-2789-4F64-AB0E-F35974F00A12}"
EndProject
Project("{2150E333-8FDC-42A3-9474-1A3956D46DE8}") = "final", "final", "{E25BB95D-2ECE-46BC-BEC9-E07ABBDAC590}"
EndProject
Project("{9A19103F-16F7-4668-BE54-9A1E7A4F7556}") = "FinalProject", "final\FinalProject\FinalProject.csproj", "{371DE210-42B8-42D7-A807-3C4AC3F96D6E}"
EndProject
Project("{9A19103F-16F7-4668-BE54-9A1E7A4F7556}") = "Foundation1", "final\Foundation1\Foundation1.csproj", "{0D577C01-482D-476F-8B93-1322F8C7E0DC}"
EndProject
Project("{9A19103F-16F7-4668-BE54-9A1E7A4F7556}") = "Foundation2", "final\Foundation2\Foundation2.csproj", "{B60149C9-DA2F-45AB-BA3F-69E9A311656B}"
EndProject
Project("{9A19103F-16F7-4668-BE54-9A1E7A4F7556}") = "Foundation3", "final\Foundation3\Foundation3.csproj", "{0181A02D-ECD5-4B70-A542-FEFEDB350C20}"
EndProject
Project("{9A19103F-16F7-4668-BE54-9A1E7A4F7556}") = "Foundation4", "final\Foundation4\Foundation4.csproj", "{63681253-9B21-4D6A-AEB0-A74723A1460C}"
EndProject
Project("{2150E333-8FDC-42A3-9474-1A3956D46DE8}") = "prepare", "prepare", "{3C183CF1-D61E-45A2-A453-B81C331389D3}"
EndProject
Project("{9A19103F-16F7-4668-BE54-9A1E7A4F7556}") = "Learning02", "prepare\Learning02\Learning02.csproj", "{27FB878A-9ABC-4591-983C-83E3406B08AE}"
EndProject
Project("{9A19103F-16F7-4668-BE54-9A1E7A4F7556}") = "Learning03", "prepare\Learning03\Learning03.csproj", "{4D71A4BB-A5AC-43C9-BE12-0801708B01E0}"
EndProject
Project("{9A19103F-16F7-4668-BE54-9A1E7A4F7556}") = "Learning04", "prepare\Learning04\Learning04.csproj", "{5F5F8156-D9C5-4ED0-B34C-7E31B3023BBA}"
EndProject
Project("{9A19103F-16F7-4668-BE54-9A1E7A4F7556}") = "Learning05", "prepare\Learning05\Learning05.csproj", "{52D75C39-67E7-48D0-AF59-BD13C41F07AE}"
EndProject
Project("{2150E333-8FDC-42A3-9474-1A3956D46DE8}") = "prove", "prove", "{AA143A7F-7058-4173-A424-F6D6B3A114E8}"
EndProject
Project("{9A19103F-16F7-4668-BE54-9A1E7A4F7556}") = "Develop02", "prove\Develop02\Develop02.csproj", "{429D1BFA-A57E-4452-845E-F7FFC2B7C715}"
EndProject
Project("{9A19103F-16F7-4668-BE54-9A1E7A4F7556}") = "Develop03", "prove\Develop03\Develop03.csproj", "{CFBC0B97-0343-49D0-BB90-09B0CE90D19F}"
EndProject
Project("{9A19103F-16F7-4668-BE54-9A1E7A4F7556}") = "Develop04", "prove\Develop04\Develop04.csproj", "{D7399DB8-C99F-4C54-8B8B-E536D8DD181E}"
EndProject
Project("{9A19103F-16F7-4668-BE54-9A1E7A4F7556}") = "Develop05", "prove\Develop05\Develop05.csproj", "{DA1D1DC5-C749-48CC-A3AF-DC6A88D66B3C}"
EndProject
Project("{2150E333-8FDC-42A3-9474-1A3956D46DE8}") = "sandbox", "sandbox", "{342E12C5-D3D1-4DC8-9E34-108A0573E582}"
EndProject
Project("{9A19103F-16F7-4668-BE54-9A1E7A4F7556}") = "Sandbox", "sandbox\Sandbox\Sandbox.csproj", "{FB945BF0-BB5A-440F-9B42-D1B0C460C799}"
EndProject
Global
	GlobalSection(SolutionConfigurationPlatforms) = preSolution
		Debug|Any CPU = Debug|Any CPU
		Release|Any CPU = Release|Any CPU
	EndGlobalSection
	GlobalSection(ProjectConfigurationPlatforms) = postSolution
		{6C72C268-FD41-48C2-B782-AE0B97F60940}.Debug|Any CPU.ActiveCfg = Debug|Any CPU
		{6C72C268-FD41-48C2-B782-AE0B97F60940}.Debug|Any CPU.Build.0 = Debug|Any CPU
		{6C72C268-FD41-48C2-B782-AE0B97F60940}.Release|Any CPU.ActiveCfg = Release|Any CPU
		{6C72C268-FD41-48C2-B782-AE0B97F60940}.Release|Any CPU.Build.0 = Release|Any CPU
		{B24AC410-6D2E-485F-806B-49803A060142}.Debug|Any CPU.ActiveCfg = Debug|Any CPU
		{B24AC410-6D2E-485F-806B-49803A060142}.Debug|Any CPU.Build.0 = Debug|Any CPU
		{B24AC410-6D2E-485F-806B-49803A060142}.Release|Any CPU.ActiveCfg = Release|Any CPU
		{B24AC410-6D2E-485F-806B-49803A060142}.Release|Any CPU.Build.0 = Release|Any CPU
		{267BD5D5-D746-4081-A6C9-C4F4FA232F94}.Debug|Any CPU.ActiveCfg = Debug|Any CPU
		{267BD5D5-D746-4081-A6C9-C4F4FA232F94}.Debug|Any CPU.Build.0 = Debug|Any CPU
		{267BD5D5-D746-4081-A6C9-C4F4FA232F94}.Release|Any CPU.ActiveCfg = Release|Any CPU
		{267BD5D5-D746-4081-A6C9-C4F4FA232F94}.Release|Any CPU.Build.0 = Release|Any CPU
		{BE774AD9-7DEC-448C-9B4D-B3490D5691DD}.Debug|Any CPU.ActiveCfg = Debug|Any CPU
		{BE774AD9-7DEC-448C-9B4D-B3490D5691DD}.Debug|Any CPU.Build.0 = Debug|Any CPU
		{BE774AD9-7DEC-448C-9B4D-B3490D5691DD}.Release|Any CPU.ActiveCfg = Release|Any CPU
		{BE774AD9-7DEC-448C-9B4D-B3490D5691DD}.Release|Any CPU.Build.0 = Release|Any CPU
		{2A4E02B2-2789-4F64-AB0E-F35974F00A12}.Debug|Any CPU.ActiveCfg = Debug|Any CPU
		{2A4E02B2-2789-4F64-AB0E-F35974F00A12}.Debug|Any CPU.Build.0 = Debug|Any CPU
		{2A4E02B2-2789-4F64-AB0E-F35974F00A12}.Release|Any CPU.ActiveCfg = Release|Any CPU
		{2A4E02B2-2789-4F64-AB0E-F35974F00A12}.Release|Any CPU.Build.0 = Release|Any CPU
		{371DE210-42B8-42D7-A807-3C4AC3F96D6E}.Debug|Any CPU.ActiveCfg = Debug|Any CPU
		{371DE210-42B8-42D7-A807-3C4AC3F96D6E}.Debug|Any CPU.Build.0 = Debug|Any CPU
		{371DE210-42B8-42D7-A807-3C4AC3F96D6E}.Release|Any CPU.ActiveCfg = Release|Any CPU
		{371DE210-42B8-42D7-A807-3C4AC3F96D6E}.Release|Any CPU.Build.0 = Release|Any CPU
		{0D577C01-482D-476F-8B93-1322F8C7E0DC}.Debug|Any CPU.ActiveCfg = Debug|Any CPU
		{0D577C01-482D-476F-8B93-1322F8C7E0DC}.Debug|Any CPU.Build.0 = Debug|Any CPU
		{0D577C01-482D-476F-8B93-1322F8C7E0DC}.Release|Any CPU.ActiveCfg = Release|Any CPU
		{0D577C01-482D-476F-8B93-1322F8C7E0DC}.Release|Any CPU.Build.0 = Release|Any CPU
		{B60149C9-DA2F-45AB-BA3F-69E9A311656B}.Debug|Any CPU.ActiveCfg = Debug|Any CPU
		{B60149C9-DA2F-45AB-BA3F-69E9A311656B}.Debug|Any CPU.Build.0 = Debug|Any CPU
		{B60149C9-DA2F-45AB-BA3F-69E9A311656B}.Release|Any CPU.ActiveCfg = Release|Any CPU
		{B60149C9-DA2F-45AB-BA3F-69E9A311656B}.Release|Any CPU.Build.0 = Release|Any CPU
		{0181A02D-ECD5-4B70-A542-FEFEDB350C20}.Debug|Any CPU.ActiveCfg = Debug|Any CPU
		{0181A02D-ECD5-4B70-A542-FEFEDB350C20}.Debug|Any CPU.Build.0 = Debug|Any CPU
		{0181A02D-ECD5-4B70-A542-FEFEDB350C20}.Release|Any CPU.ActiveCfg = Release|Any CPU
		{0181A02D-ECD5-4B70-A542-FEFEDB350C20}.Release|Any CPU.Build.0 = Release|Any CPU
		{63681253-9B21-4D6A-AEB0-A74723A1460C}.Debug|Any CPU.ActiveCfg = Debug|Any CPU
		{63681253-9B21-4D6A-AEB0-A74723A1460C}.Debug|Any CPU.Build.0 = Debug|Any CPU
		{63681253-9B21-4D6A-AEB0-A74723A1460C}.Release|Any CPU.ActiveCfg = Release|Any CPU
		{63681253-9B21-4D6A-AEB0-A74723A1460C}.Release|Any CPU.Build.0 = Release|Any CPU
		{27FB878A-9ABC-4591-983C-83E3406B08AE}.Debug|Any CPU.ActiveCfg = Debug|Any CPU
		{27FB878A-9ABC-4591-983C-83E3406B08AE}.Debug|Any CPU.Build.0 = Debug|Any CPU
		{27FB878A-9ABC-4591-983C-83E3406B08AE}.Release|Any CPU.ActiveCfg = Release|Any CPU
		{27FB878A-9ABC-4591-983C-83E3406B08AE}.Release|Any CPU.Build.0 = Release|Any CPU
		{4D71A4BB-A5AC-43C9-BE12-0801708B01E0}.Debug|Any CPU.ActiveCfg = Debug|Any CPU
		{4D71A4BB-A5AC-43C9-BE12-0801708B01E0}.Debug|Any CPU.Build.0 = Debug|Any CPU
		{4D71A4BB-A5AC-43C9-BE12-0801708B01E0}.Release|Any CPU.ActiveCfg = Release|Any CPU
		{4D71A4BB-A5AC-43C9-BE12-0801708B01E0}.Release|Any CPU.Build.0 = Release|Any CPU
		{5F5F8156-D9C5-4ED0-B34C-7E31B3023BBA}.Debug|Any CPU.ActiveCfg = Debug|Any CPU
		{5F5F8156-D9C5-4ED0-B34C-7E31B3023BBA}.Debug|Any CPU.Build.0 = Debug|Any CPU
		{5F5F8156-D9C5-4ED0-B34C-7E31B3023BBA}.Release|Any CPU.ActiveCfg = Release|Any CPU
		{5F5F8156-D9C5-4ED0-B34C-7E31B3023BBA}.Release|Any CPU.Build.0 = Release|Any CPU
		{52D75C39-67E7-48D0-AF59-BD13C41F07AE}.Debug|Any CPU.ActiveCfg = Debug|Any CPU
		{52D75C39-67E7-48D0-AF59-BD13C41F07AE}.Debug|Any CPU.Build.0 = Debug|Any CPU
		{52D75C39-67E7-48D0-AF59-BD13C41F07AE}.Release|Any CPU.ActiveCfg = Release|Any CPU
		{52D75C39-67E7-48D0-AF59-BD13C41F07AE}.Release|Any CPU.Build.0 = Release|Any CPU
		{429D1BFA-A57E-4452-845E-F7FFC2B7C715}.Debug|Any CPU.ActiveCfg = Debug|Any CPU
		{429D1BFA-A57E-4452-845E-F7FFC2B7C715}.Debug|Any CPU.Build.0 = Debug|Any CPU
		{429D1BFA-A57E-4452-845E-F7FFC2B7C715}.Release|Any CPU.ActiveCfg = Release|Any CPU
		{429D1BFA-A57E-4452-845E-F7FFC2B7C715}.Release|Any CPU.Build.0 = Release|Any CPU
		{CFBC0B97-0343-49D0-BB90-09B0CE90D19F}.Debug|Any CPU.ActiveCfg = Debug|Any CPU
		{CFBC0B97-0343-49D0-BB90-09B0CE90D19F}.Debug|Any CPU.Build.0 = Debug|Any CPU
		{CFBC0B97-0343-49D0-BB90-09B0CE90D19F}.Release|Any CPU.ActiveCfg = Release|Any CPU
		{CFBC0B97-0343-49D0-BB90-09B0CE90D19F}.Release|Any CPU.Build.0 = Release|Any CPU
		{D7399DB8-C99F-4C54-8B8B-E536D8DD181E}.Debug|Any CPU.ActiveCfg = Debug|Any CPU
		{D7399DB8-C99F-4C54-8B8B-E536D8DD181E}.Debug|Any CPU.Build.0 = Debug|Any CPU
		{D7399DB8-C99F-4C54-8B8B-E536D8DD181E}.Release|Any CPU.ActiveCfg = Release|Any CPU
		{D7399DB8-C99F-4C54-8B8B-E536D8DD181E}.Release|Any CPU.Build.0 = Release|Any CPU
		{DA1D1DC5-C749-48CC-A3AF-DC6A88D66B3C}.Debug|Any CPU.ActiveCfg = Debug|Any CPU
		{DA1D1DC5-C749-48CC-A3AF-DC6A88D66B3C}.Debug|Any CPU.Build.0 = Debug|Any CPU
		{DA1D1DC5-C749-48CC-A3AF-DC6A88D66B3C}.Release|Any CPU.ActiveCfg = Release|Any CPU
		{DA1D1DC5-C749-48CC-A3AF-DC6A88D66B3C}.Release|Any CPU.Build.0 = Release|Any CPU
		{FB945BF0-BB5A-440F-9B42-D1B0C460C799}.Debug|Any CPU.ActiveCfg = Debug|Any CPU
		{FB945BF0-BB5A-440F-9B42-D1B0C460C799}.Debug|Any CPU.Build.0 = Debug|Any CPU
		{FB945BF0-BB5A-440F-9B42-D1B0C460C799}.Release|Any CPU.ActiveCfg = Release|Any CPU
		{FB945BF0-BB5A-440F-9B42-D1B0C460C799}.Release|Any CPU.Build.0 = Release|Any CPU
	EndGlobalSection
	GlobalSection(SolutionProperties) = preSolution
		HideSolutionNode = FALSE
	EndGlobalSection
	GlobalSection(NestedProjects) = preSolution
		{6C72C268-FD41-48C2-B782-AE0B97F60940} = {F408A3B5-EA7A-4969-B6ED-6A509A3350E3}
		{B24AC410-6D2E-485F-806B-49803A060142} = {F408A3B5-EA7A-4969-B6ED-6A509A3350E3}
		{267BD5D5-D746-4081-A6C9-C4F4FA232F94} = {F408A3B5-EA7A-4969-B6ED-6A509A3350E3}
		{BE774AD9-7DEC-448C-9B4D-B3490D5691DD} = {F408A3B5-EA7A-4969-B6ED-6A509A3350E3}
		{2A4E02B2-2789-4F64-AB0E-F35974F00A12} = {F408A3B5-EA7A-4969-B6ED-6A509A3350E3}
		{371DE210-42B8-42D7-A807-3C4AC3F96D6E} = {E25BB95D-2ECE-46BC-BEC9-E07ABBDAC590}
		{0D577C01-482D-476F-8B93-1322F8C7E0DC} = {E25BB95D-2ECE-46BC-BEC9-E07ABBDAC590}
		{B60149C9-DA2F-45AB-BA3F-69E9A311656B} = {E25BB95D-2ECE-46BC-BEC9-E07ABBDAC590}
		{0181A02D-ECD5-4B70-A542-FEFEDB350C20} = {E25BB95D-2ECE-46BC-BEC9-E07ABBDAC590}
		{63681253-9B21-4D6A-AEB0-A74723A1460C} = {E25BB95D-2ECE-46BC-BEC9-E07ABBDAC590}
		{27FB878A-9ABC-4591-983C-83E3406B08AE} = {3C183CF1-D61E-45A2-A453-B81C331389D3}
		{4D71A4BB-A5AC-43C9-BE12-0801708B01E0} = {3C183CF1-D61E-45A2-A453-B81C331389D3}
		{5F5F8156-D9C5-4ED0-B34C-7E31B3023BBA} = {3C183CF1-D61E-45A2-A453-B81C331389D3}
		{52D75C39-67E7-48D0-AF59-BD13C41F07AE} = {3C183CF1-D61E-45A2-A453-B81C331389D3}
		{429D1BFA-A57E-4452-845E-F7FFC2B7C715} = {AA143A7F-7058-4173-A424-F6D6B3A114E8}
		{CFBC0B97-0343-49D0-BB90-09B0CE90D19F} = {AA143A7F-7058-4173-A424-F6D6B3A114E8}
		{D7399DB8-C99F-4C54-8B8B-E536D8DD181E} = {AA143A7F-7058-4173-A424-F6D6B3A114E8}
		{DA1D1DC5-C749-48CC-A3AF-DC6A88D66B3C} = {AA143A7F-7058-4173-A424-F6D6B3A114E8}
		{FB945BF0-BB5A-440F-9B42-D1B0C460C799} = {342E12C5-D3D1-4DC8-9E34-108A0573E582}
	EndGlobalSection
	GlobalSection(ExtensibilityGlobals) = postSolution
		SolutionGuid = {61D6E189-20F6-463F-9692-730873AF4AD0}
	EndGlobalSection
EndGlobal
